// !$*UTF8*$!
{
	archiveVersion = 1;
	classes = {
	};
	objectVersion = 50;
	objects = {

/* Begin PBXBuildFile section */
		4FA3D54D21621D8400452B60 /* AppDelegate.swift in Sources */ = {isa = PBXBuildFile; fileRef = 4FA3D54C21621D8400452B60 /* AppDelegate.swift */; };
		4FA3D55421621D8400452B60 /* Main.storyboard in Resources */ = {isa = PBXBuildFile; fileRef = 4FA3D55221621D8400452B60 /* Main.storyboard */; };
		4FA3D55621621D8600452B60 /* Assets.xcassets in Resources */ = {isa = PBXBuildFile; fileRef = 4FA3D55521621D8600452B60 /* Assets.xcassets */; };
		4FA3D55921621D8600452B60 /* LaunchScreen.storyboard in Resources */ = {isa = PBXBuildFile; fileRef = 4FA3D55721621D8600452B60 /* LaunchScreen.storyboard */; };
		4FA3D56421621D8600452B60 /* TimelessTests.swift in Sources */ = {isa = PBXBuildFile; fileRef = 4FA3D56321621D8600452B60 /* TimelessTests.swift */; };
		4FA3D56F21621D8600452B60 /* TimelessUITests.swift in Sources */ = {isa = PBXBuildFile; fileRef = 4FA3D56E21621D8600452B60 /* TimelessUITests.swift */; };
		4FA3D5862162503900452B60 /* Project.swift in Sources */ = {isa = PBXBuildFile; fileRef = 4FA3D5852162503900452B60 /* Project.swift */; };
		4FA3D58C216250DA00452B60 /* Entity.swift in Sources */ = {isa = PBXBuildFile; fileRef = 4FA3D58B216250DA00452B60 /* Entity.swift */; };
		4FA3D5922162522600452B60 /* DependencyContainer.swift in Sources */ = {isa = PBXBuildFile; fileRef = 4FA3D5912162522600452B60 /* DependencyContainer.swift */; };
		4FA3D594216252F800452B60 /* Record.swift in Sources */ = {isa = PBXBuildFile; fileRef = 4FA3D593216252F800452B60 /* Record.swift */; };
		4FA3D5962162536600452B60 /* RecordsDataModel.swift in Sources */ = {isa = PBXBuildFile; fileRef = 4FA3D5952162536600452B60 /* RecordsDataModel.swift */; };
		4FA3D59A2162546B00452B60 /* ApiService.swift in Sources */ = {isa = PBXBuildFile; fileRef = 4FA3D5992162546B00452B60 /* ApiService.swift */; };
		4FA3D59E216255E200452B60 /* AppError.swift in Sources */ = {isa = PBXBuildFile; fileRef = 4FA3D59D216255E200452B60 /* AppError.swift */; };
		4FA3D5A52162801200452B60 /* DumbDataStore.swift in Sources */ = {isa = PBXBuildFile; fileRef = 4FA3D5A42162801200452B60 /* DumbDataStore.swift */; };
		4FA3D5A82162BC1A00452B60 /* RecordsViewController.swift in Sources */ = {isa = PBXBuildFile; fileRef = 4FA3D5A72162BC1A00452B60 /* RecordsViewController.swift */; };
		4FA3D5AA2162BC2700452B60 /* MainFlowCoordinator.swift in Sources */ = {isa = PBXBuildFile; fileRef = 4FA3D5A92162BC2700452B60 /* MainFlowCoordinator.swift */; };
		4FA3D5AD2162BC5900452B60 /* FlowCoordinator.swift in Sources */ = {isa = PBXBuildFile; fileRef = 4FA3D5AC2162BC5900452B60 /* FlowCoordinator.swift */; };
		4FC3B7202162C32200B8344D /* RecordsViewModel.swift in Sources */ = {isa = PBXBuildFile; fileRef = 4FC3B71F2162C32200B8344D /* RecordsViewModel.swift */; };
		4FC3B7222162D01700B8344D /* ApiError.swift in Sources */ = {isa = PBXBuildFile; fileRef = 4FC3B7212162D01700B8344D /* ApiError.swift */; };
		4FC3B7252162D77D00B8344D /* RecordCell.swift in Sources */ = {isa = PBXBuildFile; fileRef = 4FC3B7242162D77D00B8344D /* RecordCell.swift */; };
		4FC3B7292162E0F900B8344D /* RecordsControlView.swift in Sources */ = {isa = PBXBuildFile; fileRef = 4FC3B7282162E0F900B8344D /* RecordsControlView.swift */; };
		4FC3B72C2162F01600B8344D /* CoverTransition.swift in Sources */ = {isa = PBXBuildFile; fileRef = 4FC3B72B2162F01600B8344D /* CoverTransition.swift */; };
		79EF9C5E6F2DECB4F1752F87 /* Pods_Timeless.framework in Frameworks */ = {isa = PBXBuildFile; fileRef = 7F0D25CDABBF1A46EB4D473B /* Pods_Timeless.framework */; };
		A535AFF46EDAB080B70014D0 /* Pods_TimelessTests.framework in Frameworks */ = {isa = PBXBuildFile; fileRef = C3FAEF2D8E9B4524630FAC2F /* Pods_TimelessTests.framework */; };
		DF3DBA5A456785DCB75B022F /* Pods_TimelessUITests.framework in Frameworks */ = {isa = PBXBuildFile; fileRef = D7E9928964F03F6130C6A4A6 /* Pods_TimelessUITests.framework */; };
/* End PBXBuildFile section */

/* Begin PBXContainerItemProxy section */
		4FA3D56021621D8600452B60 /* PBXContainerItemProxy */ = {
			isa = PBXContainerItemProxy;
			containerPortal = 4FA3D54121621D8400452B60 /* Project object */;
			proxyType = 1;
			remoteGlobalIDString = 4FA3D54821621D8400452B60;
			remoteInfo = Timeless;
		};
		4FA3D56B21621D8600452B60 /* PBXContainerItemProxy */ = {
			isa = PBXContainerItemProxy;
			containerPortal = 4FA3D54121621D8400452B60 /* Project object */;
			proxyType = 1;
			remoteGlobalIDString = 4FA3D54821621D8400452B60;
			remoteInfo = Timeless;
		};
/* End PBXContainerItemProxy section */

/* Begin PBXFileReference section */
		3A5026DEFBFD4F736B63A580 /* Pods-TimelessTests.debug.xcconfig */ = {isa = PBXFileReference; includeInIndex = 1; lastKnownFileType = text.xcconfig; name = "Pods-TimelessTests.debug.xcconfig"; path = "Pods/Target Support Files/Pods-TimelessTests/Pods-TimelessTests.debug.xcconfig"; sourceTree = "<group>"; };
		4FA3D54921621D8400452B60 /* Timeless.app */ = {isa = PBXFileReference; explicitFileType = wrapper.application; includeInIndex = 0; path = Timeless.app; sourceTree = BUILT_PRODUCTS_DIR; };
		4FA3D54C21621D8400452B60 /* AppDelegate.swift */ = {isa = PBXFileReference; lastKnownFileType = sourcecode.swift; path = AppDelegate.swift; sourceTree = "<group>"; };
		4FA3D55321621D8400452B60 /* Base */ = {isa = PBXFileReference; lastKnownFileType = file.storyboard; name = Base; path = Base.lproj/Main.storyboard; sourceTree = "<group>"; };
		4FA3D55521621D8600452B60 /* Assets.xcassets */ = {isa = PBXFileReference; lastKnownFileType = folder.assetcatalog; path = Assets.xcassets; sourceTree = "<group>"; };
		4FA3D55821621D8600452B60 /* Base */ = {isa = PBXFileReference; lastKnownFileType = file.storyboard; name = Base; path = Base.lproj/LaunchScreen.storyboard; sourceTree = "<group>"; };
		4FA3D55A21621D8600452B60 /* Info.plist */ = {isa = PBXFileReference; lastKnownFileType = text.plist.xml; path = Info.plist; sourceTree = "<group>"; };
		4FA3D55F21621D8600452B60 /* TimelessTests.xctest */ = {isa = PBXFileReference; explicitFileType = wrapper.cfbundle; includeInIndex = 0; path = TimelessTests.xctest; sourceTree = BUILT_PRODUCTS_DIR; };
		4FA3D56321621D8600452B60 /* TimelessTests.swift */ = {isa = PBXFileReference; lastKnownFileType = sourcecode.swift; path = TimelessTests.swift; sourceTree = "<group>"; };
		4FA3D56521621D8600452B60 /* Info.plist */ = {isa = PBXFileReference; lastKnownFileType = text.plist.xml; path = Info.plist; sourceTree = "<group>"; };
		4FA3D56A21621D8600452B60 /* TimelessUITests.xctest */ = {isa = PBXFileReference; explicitFileType = wrapper.cfbundle; includeInIndex = 0; path = TimelessUITests.xctest; sourceTree = BUILT_PRODUCTS_DIR; };
		4FA3D56E21621D8600452B60 /* TimelessUITests.swift */ = {isa = PBXFileReference; lastKnownFileType = sourcecode.swift; path = TimelessUITests.swift; sourceTree = "<group>"; };
		4FA3D57021621D8600452B60 /* Info.plist */ = {isa = PBXFileReference; lastKnownFileType = text.plist.xml; path = Info.plist; sourceTree = "<group>"; };
		4FA3D5852162503900452B60 /* Project.swift */ = {isa = PBXFileReference; lastKnownFileType = sourcecode.swift; path = Project.swift; sourceTree = "<group>"; };
		4FA3D58B216250DA00452B60 /* Entity.swift */ = {isa = PBXFileReference; lastKnownFileType = sourcecode.swift; path = Entity.swift; sourceTree = "<group>"; };
		4FA3D5912162522600452B60 /* DependencyContainer.swift */ = {isa = PBXFileReference; lastKnownFileType = sourcecode.swift; path = DependencyContainer.swift; sourceTree = "<group>"; };
		4FA3D593216252F800452B60 /* Record.swift */ = {isa = PBXFileReference; lastKnownFileType = sourcecode.swift; path = Record.swift; sourceTree = "<group>"; };
		4FA3D5952162536600452B60 /* RecordsDataModel.swift */ = {isa = PBXFileReference; lastKnownFileType = sourcecode.swift; path = RecordsDataModel.swift; sourceTree = "<group>"; };
		4FA3D5992162546B00452B60 /* ApiService.swift */ = {isa = PBXFileReference; lastKnownFileType = sourcecode.swift; path = ApiService.swift; sourceTree = "<group>"; };
		4FA3D59D216255E200452B60 /* AppError.swift */ = {isa = PBXFileReference; lastKnownFileType = sourcecode.swift; path = AppError.swift; sourceTree = "<group>"; };
		4FA3D5A42162801200452B60 /* DumbDataStore.swift */ = {isa = PBXFileReference; lastKnownFileType = sourcecode.swift; path = DumbDataStore.swift; sourceTree = "<group>"; };
		4FA3D5A72162BC1A00452B60 /* RecordsViewController.swift */ = {isa = PBXFileReference; lastKnownFileType = sourcecode.swift; path = RecordsViewController.swift; sourceTree = "<group>"; };
		4FA3D5A92162BC2700452B60 /* MainFlowCoordinator.swift */ = {isa = PBXFileReference; lastKnownFileType = sourcecode.swift; path = MainFlowCoordinator.swift; sourceTree = "<group>"; };
		4FA3D5AC2162BC5900452B60 /* FlowCoordinator.swift */ = {isa = PBXFileReference; lastKnownFileType = sourcecode.swift; path = FlowCoordinator.swift; sourceTree = "<group>"; };
		4FC3B71F2162C32200B8344D /* RecordsViewModel.swift */ = {isa = PBXFileReference; lastKnownFileType = sourcecode.swift; path = RecordsViewModel.swift; sourceTree = "<group>"; };
		4FC3B7212162D01700B8344D /* ApiError.swift */ = {isa = PBXFileReference; lastKnownFileType = sourcecode.swift; path = ApiError.swift; sourceTree = "<group>"; };
		4FC3B7242162D77D00B8344D /* RecordCell.swift */ = {isa = PBXFileReference; lastKnownFileType = sourcecode.swift; path = RecordCell.swift; sourceTree = "<group>"; };
		4FC3B7282162E0F900B8344D /* RecordsControlView.swift */ = {isa = PBXFileReference; lastKnownFileType = sourcecode.swift; path = RecordsControlView.swift; sourceTree = "<group>"; };
		4FC3B72B2162F01600B8344D /* CoverTransition.swift */ = {isa = PBXFileReference; lastKnownFileType = sourcecode.swift; path = CoverTransition.swift; sourceTree = "<group>"; };
		5B5B560911349DEDB09FF2D3 /* Pods-TimelessUITests.debug.xcconfig */ = {isa = PBXFileReference; includeInIndex = 1; lastKnownFileType = text.xcconfig; name = "Pods-TimelessUITests.debug.xcconfig"; path = "Pods/Target Support Files/Pods-TimelessUITests/Pods-TimelessUITests.debug.xcconfig"; sourceTree = "<group>"; };
		75C24E5539A93129364EBCC9 /* Pods-TimelessTests.release.xcconfig */ = {isa = PBXFileReference; includeInIndex = 1; lastKnownFileType = text.xcconfig; name = "Pods-TimelessTests.release.xcconfig"; path = "Pods/Target Support Files/Pods-TimelessTests/Pods-TimelessTests.release.xcconfig"; sourceTree = "<group>"; };
		7F0D25CDABBF1A46EB4D473B /* Pods_Timeless.framework */ = {isa = PBXFileReference; explicitFileType = wrapper.framework; includeInIndex = 0; path = Pods_Timeless.framework; sourceTree = BUILT_PRODUCTS_DIR; };
		C3FAEF2D8E9B4524630FAC2F /* Pods_TimelessTests.framework */ = {isa = PBXFileReference; explicitFileType = wrapper.framework; includeInIndex = 0; path = Pods_TimelessTests.framework; sourceTree = BUILT_PRODUCTS_DIR; };
		D2AB2F6C4AA0552A2165FE00 /* Pods-Timeless.debug.xcconfig */ = {isa = PBXFileReference; includeInIndex = 1; lastKnownFileType = text.xcconfig; name = "Pods-Timeless.debug.xcconfig"; path = "Pods/Target Support Files/Pods-Timeless/Pods-Timeless.debug.xcconfig"; sourceTree = "<group>"; };
		D7E9928964F03F6130C6A4A6 /* Pods_TimelessUITests.framework */ = {isa = PBXFileReference; explicitFileType = wrapper.framework; includeInIndex = 0; path = Pods_TimelessUITests.framework; sourceTree = BUILT_PRODUCTS_DIR; };
		F124B2228377658A8AA0C7A5 /* Pods-TimelessUITests.release.xcconfig */ = {isa = PBXFileReference; includeInIndex = 1; lastKnownFileType = text.xcconfig; name = "Pods-TimelessUITests.release.xcconfig"; path = "Pods/Target Support Files/Pods-TimelessUITests/Pods-TimelessUITests.release.xcconfig"; sourceTree = "<group>"; };
		FE93BEF44F14B802B1A6733C /* Pods-Timeless.release.xcconfig */ = {isa = PBXFileReference; includeInIndex = 1; lastKnownFileType = text.xcconfig; name = "Pods-Timeless.release.xcconfig"; path = "Pods/Target Support Files/Pods-Timeless/Pods-Timeless.release.xcconfig"; sourceTree = "<group>"; };
/* End PBXFileReference section */

/* Begin PBXFrameworksBuildPhase section */
		4FA3D54621621D8400452B60 /* Frameworks */ = {
			isa = PBXFrameworksBuildPhase;
			buildActionMask = 2147483647;
			files = (
				79EF9C5E6F2DECB4F1752F87 /* Pods_Timeless.framework in Frameworks */,
			);
			runOnlyForDeploymentPostprocessing = 0;
		};
		4FA3D55C21621D8600452B60 /* Frameworks */ = {
			isa = PBXFrameworksBuildPhase;
			buildActionMask = 2147483647;
			files = (
				A535AFF46EDAB080B70014D0 /* Pods_TimelessTests.framework in Frameworks */,
			);
			runOnlyForDeploymentPostprocessing = 0;
		};
		4FA3D56721621D8600452B60 /* Frameworks */ = {
			isa = PBXFrameworksBuildPhase;
			buildActionMask = 2147483647;
			files = (
				DF3DBA5A456785DCB75B022F /* Pods_TimelessUITests.framework in Frameworks */,
			);
			runOnlyForDeploymentPostprocessing = 0;
		};
/* End PBXFrameworksBuildPhase section */

/* Begin PBXGroup section */
		4FA3D54021621D8400452B60 = {
			isa = PBXGroup;
			children = (
				4FA3D54B21621D8400452B60 /* Timeless */,
				4FA3D56221621D8600452B60 /* TimelessTests */,
				4FA3D56D21621D8600452B60 /* TimelessUITests */,
				4FA3D54A21621D8400452B60 /* Products */,
				516724285AC35FE54B424621 /* Pods */,
				86753628C8A8E8A8177DC0DB /* Frameworks */,
			);
			sourceTree = "<group>";
		};
		4FA3D54A21621D8400452B60 /* Products */ = {
			isa = PBXGroup;
			children = (
				4FA3D54921621D8400452B60 /* Timeless.app */,
				4FA3D55F21621D8600452B60 /* TimelessTests.xctest */,
				4FA3D56A21621D8600452B60 /* TimelessUITests.xctest */,
			);
			name = Products;
			sourceTree = "<group>";
		};
		4FA3D54B21621D8400452B60 /* Timeless */ = {
			isa = PBXGroup;
			children = (
				4FA3D55A21621D8600452B60 /* Info.plist */,
				4FA3D54C21621D8400452B60 /* AppDelegate.swift */,
				4FA3D57C21621D9B00452B60 /* Model */,
				4FA3D57D21621DA100452B60 /* Presentation */,
			);
			path = Timeless;
			sourceTree = "<group>";
		};
		4FA3D56221621D8600452B60 /* TimelessTests */ = {
			isa = PBXGroup;
			children = (
				4FA3D56321621D8600452B60 /* TimelessTests.swift */,
				4FA3D56521621D8600452B60 /* Info.plist */,
			);
			path = TimelessTests;
			sourceTree = "<group>";
		};
		4FA3D56D21621D8600452B60 /* TimelessUITests */ = {
			isa = PBXGroup;
			children = (
				4FA3D56E21621D8600452B60 /* TimelessUITests.swift */,
				4FA3D57021621D8600452B60 /* Info.plist */,
			);
			path = TimelessUITests;
			sourceTree = "<group>";
		};
		4FA3D57C21621D9B00452B60 /* Model */ = {
			isa = PBXGroup;
			children = (
				4FA3D57E21621DA800452B60 /* Data */,
				4FA3D57F21621DAE00452B60 /* Domain */,
				4FA3D58021621DB800452B60 /* Data Source */,
			);
			path = Model;
			sourceTree = "<group>";
		};
		4FA3D57D21621DA100452B60 /* Presentation */ = {
			isa = PBXGroup;
			children = (
				4FA3D55521621D8600452B60 /* Assets.xcassets */,
				4FA3D58221621EBD00452B60 /* UI */,
				4FA3D58121621EB700452B60 /* Scenes */,
				4FC3B72A2162F00700B8344D /* Common */,
				4FA3D5AB2162BC4E00452B60 /* Base */,
			);
			path = Presentation;
			sourceTree = "<group>";
		};
		4FA3D57E21621DA800452B60 /* Data */ = {
			isa = PBXGroup;
			children = (
				4FA3D58B216250DA00452B60 /* Entity.swift */,
				4FA3D5852162503900452B60 /* Project.swift */,
				4FA3D593216252F800452B60 /* Record.swift */,
			);
			path = Data;
			sourceTree = "<group>";
		};
		4FA3D57F21621DAE00452B60 /* Domain */ = {
			isa = PBXGroup;
			children = (
				4FA3D5912162522600452B60 /* DependencyContainer.swift */,
				4FA3D5952162536600452B60 /* RecordsDataModel.swift */,
				4FA3D59D216255E200452B60 /* AppError.swift */,
			);
			path = Domain;
			sourceTree = "<group>";
		};
		4FA3D58021621DB800452B60 /* Data Source */ = {
			isa = PBXGroup;
			children = (
				4FA3D5982162545700452B60 /* Remote */,
				4FA3D5972162545200452B60 /* Local */,
			);
			path = "Data Source";
			sourceTree = "<group>";
		};
		4FA3D58121621EB700452B60 /* Scenes */ = {
			isa = PBXGroup;
			children = (
				4FA3D5A92162BC2700452B60 /* MainFlowCoordinator.swift */,
				4FA3D5A62162BBCE00452B60 /* Records */,
			);
			path = Scenes;
			sourceTree = "<group>";
		};
		4FA3D58221621EBD00452B60 /* UI */ = {
			isa = PBXGroup;
			children = (
				4FA3D55221621D8400452B60 /* Main.storyboard */,
				4FA3D55721621D8600452B60 /* LaunchScreen.storyboard */,
			);
			path = UI;
			sourceTree = "<group>";
		};
		4FA3D5972162545200452B60 /* Local */ = {
			isa = PBXGroup;
			children = (
				4FA3D5A42162801200452B60 /* DumbDataStore.swift */,
			);
			path = Local;
			sourceTree = "<group>";
		};
		4FA3D5982162545700452B60 /* Remote */ = {
			isa = PBXGroup;
			children = (
				4FA3D5992162546B00452B60 /* ApiService.swift */,
				4FC3B7212162D01700B8344D /* ApiError.swift */,
			);
			path = Remote;
			sourceTree = "<group>";
		};
		4FA3D5A62162BBCE00452B60 /* Records */ = {
			isa = PBXGroup;
			children = (
				4FA3D5A72162BC1A00452B60 /* RecordsViewController.swift */,
				4FC3B71F2162C32200B8344D /* RecordsViewModel.swift */,
				4FC3B7232162D76500B8344D /* View */,
			);
			path = Records;
			sourceTree = "<group>";
		};
		4FA3D5AB2162BC4E00452B60 /* Base */ = {
			isa = PBXGroup;
			children = (
				4FA3D5AC2162BC5900452B60 /* FlowCoordinator.swift */,
			);
			path = Base;
			sourceTree = "<group>";
		};
		4FC3B7232162D76500B8344D /* View */ = {
			isa = PBXGroup;
			children = (
				4FC3B7282162E0F900B8344D /* RecordsControlView.swift */,
				4FC3B7242162D77D00B8344D /* RecordCell.swift */,
			);
			path = View;
			sourceTree = "<group>";
		};
		4FC3B72A2162F00700B8344D /* Common */ = {
			isa = PBXGroup;
			children = (
				4FC3B72B2162F01600B8344D /* CoverTransition.swift */,
			);
			path = Common;
			sourceTree = "<group>";
		};
		516724285AC35FE54B424621 /* Pods */ = {
			isa = PBXGroup;
			children = (
				D2AB2F6C4AA0552A2165FE00 /* Pods-Timeless.debug.xcconfig */,
				FE93BEF44F14B802B1A6733C /* Pods-Timeless.release.xcconfig */,
				3A5026DEFBFD4F736B63A580 /* Pods-TimelessTests.debug.xcconfig */,
				75C24E5539A93129364EBCC9 /* Pods-TimelessTests.release.xcconfig */,
				5B5B560911349DEDB09FF2D3 /* Pods-TimelessUITests.debug.xcconfig */,
				F124B2228377658A8AA0C7A5 /* Pods-TimelessUITests.release.xcconfig */,
			);
			name = Pods;
			sourceTree = "<group>";
		};
		86753628C8A8E8A8177DC0DB /* Frameworks */ = {
			isa = PBXGroup;
			children = (
				7F0D25CDABBF1A46EB4D473B /* Pods_Timeless.framework */,
				C3FAEF2D8E9B4524630FAC2F /* Pods_TimelessTests.framework */,
				D7E9928964F03F6130C6A4A6 /* Pods_TimelessUITests.framework */,
			);
			name = Frameworks;
			sourceTree = "<group>";
		};
/* End PBXGroup section */

/* Begin PBXNativeTarget section */
		4FA3D54821621D8400452B60 /* Timeless */ = {
			isa = PBXNativeTarget;
			buildConfigurationList = 4FA3D57321621D8600452B60 /* Build configuration list for PBXNativeTarget "Timeless" */;
			buildPhases = (
				67C560A87DE7628686168DE3 /* [CP] Check Pods Manifest.lock */,
				4FA3D54521621D8400452B60 /* Sources */,
				4FA3D54621621D8400452B60 /* Frameworks */,
				4FA3D54721621D8400452B60 /* Resources */,
				9867E0E4CCDDC091353C9FBA /* [CP] Embed Pods Frameworks */,
			);
			buildRules = (
			);
			dependencies = (
			);
			name = Timeless;
			productName = Timeless;
			productReference = 4FA3D54921621D8400452B60 /* Timeless.app */;
			productType = "com.apple.product-type.application";
		};
		4FA3D55E21621D8600452B60 /* TimelessTests */ = {
			isa = PBXNativeTarget;
			buildConfigurationList = 4FA3D57621621D8600452B60 /* Build configuration list for PBXNativeTarget "TimelessTests" */;
			buildPhases = (
				0C4E5A22823F5044D61E747E /* [CP] Check Pods Manifest.lock */,
				4FA3D55B21621D8600452B60 /* Sources */,
				4FA3D55C21621D8600452B60 /* Frameworks */,
				4FA3D55D21621D8600452B60 /* Resources */,
			);
			buildRules = (
			);
			dependencies = (
				4FA3D56121621D8600452B60 /* PBXTargetDependency */,
			);
			name = TimelessTests;
			productName = TimelessTests;
			productReference = 4FA3D55F21621D8600452B60 /* TimelessTests.xctest */;
			productType = "com.apple.product-type.bundle.unit-test";
		};
		4FA3D56921621D8600452B60 /* TimelessUITests */ = {
			isa = PBXNativeTarget;
			buildConfigurationList = 4FA3D57921621D8600452B60 /* Build configuration list for PBXNativeTarget "TimelessUITests" */;
			buildPhases = (
				B8B8CBA7906E9592E6B2DA52 /* [CP] Check Pods Manifest.lock */,
				4FA3D56621621D8600452B60 /* Sources */,
				4FA3D56721621D8600452B60 /* Frameworks */,
				4FA3D56821621D8600452B60 /* Resources */,
			);
			buildRules = (
			);
			dependencies = (
				4FA3D56C21621D8600452B60 /* PBXTargetDependency */,
			);
			name = TimelessUITests;
			productName = TimelessUITests;
			productReference = 4FA3D56A21621D8600452B60 /* TimelessUITests.xctest */;
			productType = "com.apple.product-type.bundle.ui-testing";
		};
/* End PBXNativeTarget section */

/* Begin PBXProject section */
		4FA3D54121621D8400452B60 /* Project object */ = {
			isa = PBXProject;
			attributes = {
				LastSwiftUpdateCheck = 1000;
				LastUpgradeCheck = 1000;
				ORGANIZATIONNAME = "Ivan Tkachenko";
				TargetAttributes = {
					4FA3D54821621D8400452B60 = {
						CreatedOnToolsVersion = 10.0;
					};
					4FA3D55E21621D8600452B60 = {
						CreatedOnToolsVersion = 10.0;
						TestTargetID = 4FA3D54821621D8400452B60;
					};
					4FA3D56921621D8600452B60 = {
						CreatedOnToolsVersion = 10.0;
						TestTargetID = 4FA3D54821621D8400452B60;
					};
				};
			};
			buildConfigurationList = 4FA3D54421621D8400452B60 /* Build configuration list for PBXProject "Timeless" */;
			compatibilityVersion = "Xcode 9.3";
			developmentRegion = en;
			hasScannedForEncodings = 0;
			knownRegions = (
				en,
				Base,
			);
			mainGroup = 4FA3D54021621D8400452B60;
			productRefGroup = 4FA3D54A21621D8400452B60 /* Products */;
			projectDirPath = "";
			projectRoot = "";
			targets = (
				4FA3D54821621D8400452B60 /* Timeless */,
				4FA3D55E21621D8600452B60 /* TimelessTests */,
				4FA3D56921621D8600452B60 /* TimelessUITests */,
			);
		};
/* End PBXProject section */

/* Begin PBXResourcesBuildPhase section */
		4FA3D54721621D8400452B60 /* Resources */ = {
			isa = PBXResourcesBuildPhase;
			buildActionMask = 2147483647;
			files = (
				4FA3D55921621D8600452B60 /* LaunchScreen.storyboard in Resources */,
				4FA3D55621621D8600452B60 /* Assets.xcassets in Resources */,
				4FA3D55421621D8400452B60 /* Main.storyboard in Resources */,
			);
			runOnlyForDeploymentPostprocessing = 0;
		};
		4FA3D55D21621D8600452B60 /* Resources */ = {
			isa = PBXResourcesBuildPhase;
			buildActionMask = 2147483647;
			files = (
			);
			runOnlyForDeploymentPostprocessing = 0;
		};
		4FA3D56821621D8600452B60 /* Resources */ = {
			isa = PBXResourcesBuildPhase;
			buildActionMask = 2147483647;
			files = (
			);
			runOnlyForDeploymentPostprocessing = 0;
		};
/* End PBXResourcesBuildPhase section */

/* Begin PBXShellScriptBuildPhase section */
		0C4E5A22823F5044D61E747E /* [CP] Check Pods Manifest.lock */ = {
			isa = PBXShellScriptBuildPhase;
			buildActionMask = 2147483647;
			files = (
			);
			inputFileListPaths = (
			);
			inputPaths = (
				"${PODS_PODFILE_DIR_PATH}/Podfile.lock",
				"${PODS_ROOT}/Manifest.lock",
			);
			name = "[CP] Check Pods Manifest.lock";
			outputFileListPaths = (
			);
			outputPaths = (
				"$(DERIVED_FILE_DIR)/Pods-TimelessTests-checkManifestLockResult.txt",
			);
			runOnlyForDeploymentPostprocessing = 0;
			shellPath = /bin/sh;
			shellScript = "diff \"${PODS_PODFILE_DIR_PATH}/Podfile.lock\" \"${PODS_ROOT}/Manifest.lock\" > /dev/null\nif [ $? != 0 ] ; then\n    # print error to STDERR\n    echo \"error: The sandbox is not in sync with the Podfile.lock. Run 'pod install' or update your CocoaPods installation.\" >&2\n    exit 1\nfi\n# This output is used by Xcode 'outputs' to avoid re-running this script phase.\necho \"SUCCESS\" > \"${SCRIPT_OUTPUT_FILE_0}\"\n";
			showEnvVarsInLog = 0;
		};
		67C560A87DE7628686168DE3 /* [CP] Check Pods Manifest.lock */ = {
			isa = PBXShellScriptBuildPhase;
			buildActionMask = 2147483647;
			files = (
			);
			inputFileListPaths = (
			);
			inputPaths = (
				"${PODS_PODFILE_DIR_PATH}/Podfile.lock",
				"${PODS_ROOT}/Manifest.lock",
			);
			name = "[CP] Check Pods Manifest.lock";
			outputFileListPaths = (
			);
			outputPaths = (
				"$(DERIVED_FILE_DIR)/Pods-Timeless-checkManifestLockResult.txt",
			);
			runOnlyForDeploymentPostprocessing = 0;
			shellPath = /bin/sh;
			shellScript = "diff \"${PODS_PODFILE_DIR_PATH}/Podfile.lock\" \"${PODS_ROOT}/Manifest.lock\" > /dev/null\nif [ $? != 0 ] ; then\n    # print error to STDERR\n    echo \"error: The sandbox is not in sync with the Podfile.lock. Run 'pod install' or update your CocoaPods installation.\" >&2\n    exit 1\nfi\n# This output is used by Xcode 'outputs' to avoid re-running this script phase.\necho \"SUCCESS\" > \"${SCRIPT_OUTPUT_FILE_0}\"\n";
			showEnvVarsInLog = 0;
		};
		9867E0E4CCDDC091353C9FBA /* [CP] Embed Pods Frameworks */ = {
			isa = PBXShellScriptBuildPhase;
			buildActionMask = 2147483647;
			files = (
			);
			inputFileListPaths = (
			);
			inputPaths = (
				"${SRCROOT}/Pods/Target Support Files/Pods-Timeless/Pods-Timeless-frameworks.sh",
				"${BUILT_PRODUCTS_DIR}/Bond/Bond.framework",
				"${BUILT_PRODUCTS_DIR}/Differ/Differ.framework",
				"${BUILT_PRODUCTS_DIR}/ReactiveKit/ReactiveKit.framework",
			);
			name = "[CP] Embed Pods Frameworks";
			outputFileListPaths = (
			);
			outputPaths = (
				"${TARGET_BUILD_DIR}/${FRAMEWORKS_FOLDER_PATH}/Bond.framework",
				"${TARGET_BUILD_DIR}/${FRAMEWORKS_FOLDER_PATH}/Differ.framework",
				"${TARGET_BUILD_DIR}/${FRAMEWORKS_FOLDER_PATH}/ReactiveKit.framework",
			);
			runOnlyForDeploymentPostprocessing = 0;
			shellPath = /bin/sh;
			shellScript = "\"${SRCROOT}/Pods/Target Support Files/Pods-Timeless/Pods-Timeless-frameworks.sh\"\n";
			showEnvVarsInLog = 0;
		};
		B8B8CBA7906E9592E6B2DA52 /* [CP] Check Pods Manifest.lock */ = {
			isa = PBXShellScriptBuildPhase;
			buildActionMask = 2147483647;
			files = (
			);
			inputFileListPaths = (
			);
			inputPaths = (
				"${PODS_PODFILE_DIR_PATH}/Podfile.lock",
				"${PODS_ROOT}/Manifest.lock",
			);
			name = "[CP] Check Pods Manifest.lock";
			outputFileListPaths = (
			);
			outputPaths = (
				"$(DERIVED_FILE_DIR)/Pods-TimelessUITests-checkManifestLockResult.txt",
			);
			runOnlyForDeploymentPostprocessing = 0;
			shellPath = /bin/sh;
			shellScript = "diff \"${PODS_PODFILE_DIR_PATH}/Podfile.lock\" \"${PODS_ROOT}/Manifest.lock\" > /dev/null\nif [ $? != 0 ] ; then\n    # print error to STDERR\n    echo \"error: The sandbox is not in sync with the Podfile.lock. Run 'pod install' or update your CocoaPods installation.\" >&2\n    exit 1\nfi\n# This output is used by Xcode 'outputs' to avoid re-running this script phase.\necho \"SUCCESS\" > \"${SCRIPT_OUTPUT_FILE_0}\"\n";
			showEnvVarsInLog = 0;
		};
/* End PBXShellScriptBuildPhase section */

/* Begin PBXSourcesBuildPhase section */
		4FA3D54521621D8400452B60 /* Sources */ = {
			isa = PBXSourcesBuildPhase;
			buildActionMask = 2147483647;
			files = (
				4FA3D54D21621D8400452B60 /* AppDelegate.swift in Sources */,
				4FC3B7292162E0F900B8344D /* RecordsControlView.swift in Sources */,
				4FA3D59E216255E200452B60 /* AppError.swift in Sources */,
				4FA3D5862162503900452B60 /* Project.swift in Sources */,
				4FC3B72C2162F01600B8344D /* CoverTransition.swift in Sources */,
				4FA3D594216252F800452B60 /* Record.swift in Sources */,
				4FC3B7252162D77D00B8344D /* RecordCell.swift in Sources */,
				4FA3D5922162522600452B60 /* DependencyContainer.swift in Sources */,
				4FA3D5AA2162BC2700452B60 /* MainFlowCoordinator.swift in Sources */,
				4FA3D5962162536600452B60 /* RecordsDataModel.swift in Sources */,
				4FC3B7222162D01700B8344D /* ApiError.swift in Sources */,
				4FA3D5A52162801200452B60 /* DumbDataStore.swift in Sources */,
				4FA3D5AD2162BC5900452B60 /* FlowCoordinator.swift in Sources */,
				4FA3D59A2162546B00452B60 /* ApiService.swift in Sources */,
				4FA3D58C216250DA00452B60 /* Entity.swift in Sources */,
				4FA3D5A82162BC1A00452B60 /* RecordsViewController.swift in Sources */,
				4FC3B7202162C32200B8344D /* RecordsViewModel.swift in Sources */,
			);
			runOnlyForDeploymentPostprocessing = 0;
		};
		4FA3D55B21621D8600452B60 /* Sources */ = {
			isa = PBXSourcesBuildPhase;
			buildActionMask = 2147483647;
			files = (
				4FA3D56421621D8600452B60 /* TimelessTests.swift in Sources */,
			);
			runOnlyForDeploymentPostprocessing = 0;
		};
		4FA3D56621621D8600452B60 /* Sources */ = {
			isa = PBXSourcesBuildPhase;
			buildActionMask = 2147483647;
			files = (
				4FA3D56F21621D8600452B60 /* TimelessUITests.swift in Sources */,
			);
			runOnlyForDeploymentPostprocessing = 0;
		};
/* End PBXSourcesBuildPhase section */

/* Begin PBXTargetDependency section */
		4FA3D56121621D8600452B60 /* PBXTargetDependency */ = {
			isa = PBXTargetDependency;
			target = 4FA3D54821621D8400452B60 /* Timeless */;
			targetProxy = 4FA3D56021621D8600452B60 /* PBXContainerItemProxy */;
		};
		4FA3D56C21621D8600452B60 /* PBXTargetDependency */ = {
			isa = PBXTargetDependency;
			target = 4FA3D54821621D8400452B60 /* Timeless */;
			targetProxy = 4FA3D56B21621D8600452B60 /* PBXContainerItemProxy */;
		};
/* End PBXTargetDependency section */

/* Begin PBXVariantGroup section */
		4FA3D55221621D8400452B60 /* Main.storyboard */ = {
			isa = PBXVariantGroup;
			children = (
				4FA3D55321621D8400452B60 /* Base */,
			);
			name = Main.storyboard;
			sourceTree = "<group>";
		};
		4FA3D55721621D8600452B60 /* LaunchScreen.storyboard */ = {
			isa = PBXVariantGroup;
			children = (
				4FA3D55821621D8600452B60 /* Base */,
			);
			name = LaunchScreen.storyboard;
			sourceTree = "<group>";
		};
/* End PBXVariantGroup section */

/* Begin XCBuildConfiguration section */
		4FA3D57121621D8600452B60 /* Debug */ = {
			isa = XCBuildConfiguration;
			buildSettings = {
				ALWAYS_SEARCH_USER_PATHS = NO;
				CLANG_ANALYZER_NONNULL = YES;
				CLANG_ANALYZER_NUMBER_OBJECT_CONVERSION = YES_AGGRESSIVE;
				CLANG_CXX_LANGUAGE_STANDARD = "gnu++14";
				CLANG_CXX_LIBRARY = "libc++";
				CLANG_ENABLE_MODULES = YES;
				CLANG_ENABLE_OBJC_ARC = YES;
				CLANG_ENABLE_OBJC_WEAK = YES;
				CLANG_WARN_BLOCK_CAPTURE_AUTORELEASING = YES;
				CLANG_WARN_BOOL_CONVERSION = YES;
				CLANG_WARN_COMMA = YES;
				CLANG_WARN_CONSTANT_CONVERSION = YES;
				CLANG_WARN_DEPRECATED_OBJC_IMPLEMENTATIONS = YES;
				CLANG_WARN_DIRECT_OBJC_ISA_USAGE = YES_ERROR;
				CLANG_WARN_DOCUMENTATION_COMMENTS = YES;
				CLANG_WARN_EMPTY_BODY = YES;
				CLANG_WARN_ENUM_CONVERSION = YES;
				CLANG_WARN_INFINITE_RECURSION = YES;
				CLANG_WARN_INT_CONVERSION = YES;
				CLANG_WARN_NON_LITERAL_NULL_CONVERSION = YES;
				CLANG_WARN_OBJC_IMPLICIT_RETAIN_SELF = YES;
				CLANG_WARN_OBJC_LITERAL_CONVERSION = YES;
				CLANG_WARN_OBJC_ROOT_CLASS = YES_ERROR;
				CLANG_WARN_RANGE_LOOP_ANALYSIS = YES;
				CLANG_WARN_STRICT_PROTOTYPES = YES;
				CLANG_WARN_SUSPICIOUS_MOVE = YES;
				CLANG_WARN_UNGUARDED_AVAILABILITY = YES_AGGRESSIVE;
				CLANG_WARN_UNREACHABLE_CODE = YES;
				CLANG_WARN__DUPLICATE_METHOD_MATCH = YES;
				CODE_SIGN_IDENTITY = "iPhone Developer";
				COPY_PHASE_STRIP = NO;
				DEBUG_INFORMATION_FORMAT = dwarf;
				ENABLE_STRICT_OBJC_MSGSEND = YES;
				ENABLE_TESTABILITY = YES;
				GCC_C_LANGUAGE_STANDARD = gnu11;
				GCC_DYNAMIC_NO_PIC = NO;
				GCC_NO_COMMON_BLOCKS = YES;
				GCC_OPTIMIZATION_LEVEL = 0;
				GCC_PREPROCESSOR_DEFINITIONS = (
					"DEBUG=1",
					"$(inherited)",
				);
				GCC_WARN_64_TO_32_BIT_CONVERSION = YES;
				GCC_WARN_ABOUT_RETURN_TYPE = YES_ERROR;
				GCC_WARN_UNDECLARED_SELECTOR = YES;
				GCC_WARN_UNINITIALIZED_AUTOS = YES_AGGRESSIVE;
				GCC_WARN_UNUSED_FUNCTION = YES;
				GCC_WARN_UNUSED_VARIABLE = YES;
				IPHONEOS_DEPLOYMENT_TARGET = 12.0;
				MTL_ENABLE_DEBUG_INFO = INCLUDE_SOURCE;
				MTL_FAST_MATH = YES;
				ONLY_ACTIVE_ARCH = YES;
				SDKROOT = iphoneos;
				SWIFT_ACTIVE_COMPILATION_CONDITIONS = DEBUG;
				SWIFT_OPTIMIZATION_LEVEL = "-Onone";
			};
			name = Debug;
		};
		4FA3D57221621D8600452B60 /* Release */ = {
			isa = XCBuildConfiguration;
			buildSettings = {
				ALWAYS_SEARCH_USER_PATHS = NO;
				CLANG_ANALYZER_NONNULL = YES;
				CLANG_ANALYZER_NUMBER_OBJECT_CONVERSION = YES_AGGRESSIVE;
				CLANG_CXX_LANGUAGE_STANDARD = "gnu++14";
				CLANG_CXX_LIBRARY = "libc++";
				CLANG_ENABLE_MODULES = YES;
				CLANG_ENABLE_OBJC_ARC = YES;
				CLANG_ENABLE_OBJC_WEAK = YES;
				CLANG_WARN_BLOCK_CAPTURE_AUTORELEASING = YES;
				CLANG_WARN_BOOL_CONVERSION = YES;
				CLANG_WARN_COMMA = YES;
				CLANG_WARN_CONSTANT_CONVERSION = YES;
				CLANG_WARN_DEPRECATED_OBJC_IMPLEMENTATIONS = YES;
				CLANG_WARN_DIRECT_OBJC_ISA_USAGE = YES_ERROR;
				CLANG_WARN_DOCUMENTATION_COMMENTS = YES;
				CLANG_WARN_EMPTY_BODY = YES;
				CLANG_WARN_ENUM_CONVERSION = YES;
				CLANG_WARN_INFINITE_RECURSION = YES;
				CLANG_WARN_INT_CONVERSION = YES;
				CLANG_WARN_NON_LITERAL_NULL_CONVERSION = YES;
				CLANG_WARN_OBJC_IMPLICIT_RETAIN_SELF = YES;
				CLANG_WARN_OBJC_LITERAL_CONVERSION = YES;
				CLANG_WARN_OBJC_ROOT_CLASS = YES_ERROR;
				CLANG_WARN_RANGE_LOOP_ANALYSIS = YES;
				CLANG_WARN_STRICT_PROTOTYPES = YES;
				CLANG_WARN_SUSPICIOUS_MOVE = YES;
				CLANG_WARN_UNGUARDED_AVAILABILITY = YES_AGGRESSIVE;
				CLANG_WARN_UNREACHABLE_CODE = YES;
				CLANG_WARN__DUPLICATE_METHOD_MATCH = YES;
				CODE_SIGN_IDENTITY = "iPhone Developer";
				COPY_PHASE_STRIP = NO;
				DEBUG_INFORMATION_FORMAT = "dwarf-with-dsym";
				ENABLE_NS_ASSERTIONS = NO;
				ENABLE_STRICT_OBJC_MSGSEND = YES;
				GCC_C_LANGUAGE_STANDARD = gnu11;
				GCC_NO_COMMON_BLOCKS = YES;
				GCC_WARN_64_TO_32_BIT_CONVERSION = YES;
				GCC_WARN_ABOUT_RETURN_TYPE = YES_ERROR;
				GCC_WARN_UNDECLARED_SELECTOR = YES;
				GCC_WARN_UNINITIALIZED_AUTOS = YES_AGGRESSIVE;
				GCC_WARN_UNUSED_FUNCTION = YES;
				GCC_WARN_UNUSED_VARIABLE = YES;
				IPHONEOS_DEPLOYMENT_TARGET = 12.0;
				MTL_ENABLE_DEBUG_INFO = NO;
				MTL_FAST_MATH = YES;
				SDKROOT = iphoneos;
				SWIFT_COMPILATION_MODE = wholemodule;
				SWIFT_OPTIMIZATION_LEVEL = "-O";
				VALIDATE_PRODUCT = YES;
			};
			name = Release;
		};
		4FA3D57421621D8600452B60 /* Debug */ = {
			isa = XCBuildConfiguration;
			baseConfigurationReference = D2AB2F6C4AA0552A2165FE00 /* Pods-Timeless.debug.xcconfig */;
			buildSettings = {
				ASSETCATALOG_COMPILER_APPICON_NAME = AppIcon;
				CODE_SIGN_STYLE = Automatic;
				DEVELOPMENT_TEAM = 3PTNY5RRD7;
				INFOPLIST_FILE = Timeless/Info.plist;
				LD_RUNPATH_SEARCH_PATHS = (
					"$(inherited)",
					"@executable_path/Frameworks",
				);
				PRODUCT_BUNDLE_IDENTIFIER = com.vikvych.Timeless;
				PRODUCT_NAME = "$(TARGET_NAME)";
				SWIFT_VERSION = 4.2;
				TARGETED_DEVICE_FAMILY = "1,2";
			};
			name = Debug;
		};
		4FA3D57521621D8600452B60 /* Release */ = {
			isa = XCBuildConfiguration;
			baseConfigurationReference = FE93BEF44F14B802B1A6733C /* Pods-Timeless.release.xcconfig */;
			buildSettings = {
				ASSETCATALOG_COMPILER_APPICON_NAME = AppIcon;
				CODE_SIGN_STYLE = Automatic;
				DEVELOPMENT_TEAM = 3PTNY5RRD7;
				INFOPLIST_FILE = Timeless/Info.plist;
				LD_RUNPATH_SEARCH_PATHS = (
					"$(inherited)",
					"@executable_path/Frameworks",
				);
				PRODUCT_BUNDLE_IDENTIFIER = com.vikvych.Timeless;
				PRODUCT_NAME = "$(TARGET_NAME)";
				SWIFT_VERSION = 4.2;
				TARGETED_DEVICE_FAMILY = "1,2";
			};
			name = Release;
		};
		4FA3D57721621D8600452B60 /* Debug */ = {
			isa = XCBuildConfiguration;
			baseConfigurationReference = 3A5026DEFBFD4F736B63A580 /* Pods-TimelessTests.debug.xcconfig */;
			buildSettings = {
				ALWAYS_EMBED_SWIFT_STANDARD_LIBRARIES = YES;
				BUNDLE_LOADER = "$(TEST_HOST)";
				CODE_SIGN_STYLE = Automatic;
				DEVELOPMENT_TEAM = 3PTNY5RRD7;
				INFOPLIST_FILE = TimelessTests/Info.plist;
				LD_RUNPATH_SEARCH_PATHS = (
					"$(inherited)",
					"@executable_path/Frameworks",
					"@loader_path/Frameworks",
				);
				PRODUCT_BUNDLE_IDENTIFIER = com.vikvych.TimelessTests;
				PRODUCT_NAME = "$(TARGET_NAME)";
				SWIFT_VERSION = 4.2;
				TARGETED_DEVICE_FAMILY = "1,2";
				TEST_HOST = "$(BUILT_PRODUCTS_DIR)/Timeless.app/Timeless";
			};
			name = Debug;
		};
		4FA3D57821621D8600452B60 /* Release */ = {
			isa = XCBuildConfiguration;
			baseConfigurationReference = 75C24E5539A93129364EBCC9 /* Pods-TimelessTests.release.xcconfig */;
			buildSettings = {
				ALWAYS_EMBED_SWIFT_STANDARD_LIBRARIES = YES;
				BUNDLE_LOADER = "$(TEST_HOST)";
				CODE_SIGN_STYLE = Automatic;
				DEVELOPMENT_TEAM = 3PTNY5RRD7;
				INFOPLIST_FILE = TimelessTests/Info.plist;
				LD_RUNPATH_SEARCH_PATHS = (
					"$(inherited)",
					"@executable_path/Frameworks",
					"@loader_path/Frameworks",
				);
				PRODUCT_BUNDLE_IDENTIFIER = com.vikvych.TimelessTests;
				PRODUCT_NAME = "$(TARGET_NAME)";
				SWIFT_VERSION = 4.2;
				TARGETED_DEVICE_FAMILY = "1,2";
				TEST_HOST = "$(BUILT_PRODUCTS_DIR)/Timeless.app/Timeless";
			};
			name = Release;
		};
		4FA3D57A21621D8600452B60 /* Debug */ = {
			isa = XCBuildConfiguration;
			baseConfigurationReference = 5B5B560911349DEDB09FF2D3 /* Pods-TimelessUITests.debug.xcconfig */;
			buildSettings = {
				ALWAYS_EMBED_SWIFT_STANDARD_LIBRARIES = YES;
				CODE_SIGN_STYLE = Automatic;
				DEVELOPMENT_TEAM = 3PTNY5RRD7;
				INFOPLIST_FILE = TimelessUITests/Info.plist;
				LD_RUNPATH_SEARCH_PATHS = (
					"$(inherited)",
					"@executable_path/Frameworks",
					"@loader_path/Frameworks",
				);
				PRODUCT_BUNDLE_IDENTIFIER = com.vikvych.TimelessUITests;
				PRODUCT_NAME = "$(TARGET_NAME)";
				SWIFT_VERSION = 4.2;
				TARGETED_DEVICE_FAMILY = "1,2";
				TEST_TARGET_NAME = Timeless;
			};
			name = Debug;
		};
		4FA3D57B21621D8600452B60 /* Release */ = {
			isa = XCBuildConfiguration;
			baseConfigurationReference = F124B2228377658A8AA0C7A5 /* Pods-TimelessUITests.release.xcconfig */;
			buildSettings = {
				ALWAYS_EMBED_SWIFT_STANDARD_LIBRARIES = YES;
				CODE_SIGN_STYLE = Automatic;
				DEVELOPMENT_TEAM = 3PTNY5RRD7;
				INFOPLIST_FILE = TimelessUITests/Info.plist;
				LD_RUNPATH_SEARCH_PATHS = (
					"$(inherited)",
					"@executable_path/Frameworks",
					"@loader_path/Frameworks",
				);
				PRODUCT_BUNDLE_IDENTIFIER = com.vikvych.TimelessUITests;
				PRODUCT_NAME = "$(TARGET_NAME)";
				SWIFT_VERSION = 4.2;
				TARGETED_DEVICE_FAMILY = "1,2";
				TEST_TARGET_NAME = Timeless;
			};
			name = Release;
		};
/* End XCBuildConfiguration section */

/* Begin XCConfigurationList section */
		4FA3D54421621D8400452B60 /* Build configuration list for PBXProject "Timeless" */ = {
			isa = XCConfigurationList;
			buildConfigurations = (
				4FA3D57121621D8600452B60 /* Debug */,
				4FA3D57221621D8600452B60 /* Release */,
			);
			defaultConfigurationIsVisible = 0;
			defaultConfigurationName = Release;
		};
		4FA3D57321621D8600452B60 /* Build configuration list for PBXNativeTarget "Timeless" */ = {
			isa = XCConfigurationList;
			buildConfigurations = (
				4FA3D57421621D8600452B60 /* Debug */,
				4FA3D57521621D8600452B60 /* Release */,
			);
			defaultConfigurationIsVisible = 0;
			defaultConfigurationName = Release;
		};
		4FA3D57621621D8600452B60 /* Build configuration list for PBXNativeTarget "TimelessTests" */ = {
			isa = XCConfigurationList;
			buildConfigurations = (
				4FA3D57721621D8600452B60 /* Debug */,
				4FA3D57821621D8600452B60 /* Release */,
			);
			defaultConfigurationIsVisible = 0;
			defaultConfigurationName = Release;
		};
		4FA3D57921621D8600452B60 /* Build configuration list for PBXNativeTarget "TimelessUITests" */ = {
			isa = XCConfigurationList;
			buildConfigurations = (
				4FA3D57A21621D8600452B60 /* Debug */,
				4FA3D57B21621D8600452B60 /* Release */,
			);
			defaultConfigurationIsVisible = 0;
			defaultConfigurationName = Release;
		};
/* End XCConfigurationList section */
	};
	rootObject = 4FA3D54121621D8400452B60 /* Project object */;
}
